
Microsoft Visual Studio Solution File, Format Version 12.00
# Visual Studio Version 17
VisualStudioVersion = 17.6.33801.468
MinimumVisualStudioVersion = 10.0.40219.1
Project("{00D1A9C2-B5F0-4AF3-8072-F6C62B433612}") = "Database", "Database\Database.sqlproj", "{61D12A00-1CDE-4393-AE0B-6B6C9DAA26D2}"
EndProject
Global
	GlobalSection(SolutionConfigurationPlatforms) = preSolution
		Debug|Any CPU = Debug|Any CPU
		Release|Any CPU = Release|Any CPU
	EndGlobalSection
	GlobalSection(ProjectConfigurationPlatforms) = postSolution
		{61D12A00-1CDE-4393-AE0B-6B6C9DAA26D2}.Debug|Any CPU.ActiveCfg = Debug|Any CPU
		{61D12A00-1CDE-4393-AE0B-6B6C9DAA26D2}.Debug|Any CPU.Build.0 = Debug|Any CPU
		{61D12A00-1CDE-4393-AE0B-6B6C9DAA26D2}.Debug|Any CPU.Deploy.0 = Debug|Any CPU
		{61D12A00-1CDE-4393-AE0B-6B6C9DAA26D2}.Release|Any CPU.ActiveCfg = Release|Any CPU
		{61D12A00-1CDE-4393-AE0B-6B6C9DAA26D2}.Release|Any CPU.Build.0 = Release|Any CPU
		{61D12A00-1CDE-4393-AE0B-6B6C9DAA26D2}.Release|Any CPU.Deploy.0 = Release|Any CPU
	EndGlobalSection
	GlobalSection(SolutionProperties) = preSolution
		HideSolutionNode = FALSE
	EndGlobalSection
	GlobalSection(ExtensibilityGlobals) = postSolution
		SolutionGuid = {786DA535-E191-478D-82F0-A8C3ECBF232D}
	EndGlobalSection
EndGlobal
