
Microsoft Visual Studio Solution File, Format Version 12.00
# Visual Studio Version 17
VisualStudioVersion = 17.6.33801.468
MinimumVisualStudioVersion = 10.0.40219.1
Project("{9A19103F-16F7-4668-BE54-9A1E7A4F7556}") = "OddEven.Tests", "UnitTesting\OddEven.Tests.csproj", "{23402036-8F72-4D47-A480-41739177E779}"
EndProject
Project("{FAE04EC0-301F-11D3-BF4B-00C04F79EFBC}") = "OddEven", "OddEven\OddEven.csproj", "{70211434-278D-436D-9A5B-F12624D6EDFC}"
EndProject
Project("{FAE04EC0-301F-11D3-BF4B-00C04F79EFBC}") = "CalcStats.Tests", "CalcStats.Tests\CalcStats.Tests.csproj", "{63C96D7C-85E4-403F-9DD9-26B679161184}"
EndProject
Project("{FAE04EC0-301F-11D3-BF4B-00C04F79EFBC}") = "CalcStats", "CalcStats\CalcStats.csproj", "{F27BC24A-1579-43C2-B3EA-D4FA13D180C7}"
EndProject
Project("{FAE04EC0-301F-11D3-BF4B-00C04F79EFBC}") = "BinaryNumbers.Tests", "BinaryNumbers.Tests\BinaryNumbers.Tests.csproj", "{28639728-AA07-4998-8FB7-6902E68A8955}"
EndProject
Project("{FAE04EC0-301F-11D3-BF4B-00C04F79EFBC}") = "BinaryNumbers", "BinaryNumbers\BinaryNumbers.csproj", "{D93CD553-3030-4750-B2AE-FD034214284A}"
EndProject
Global
	GlobalSection(SolutionConfigurationPlatforms) = preSolution
		Debug|Any CPU = Debug|Any CPU
		Release|Any CPU = Release|Any CPU
	EndGlobalSection
	GlobalSection(ProjectConfigurationPlatforms) = postSolution
		{23402036-8F72-4D47-A480-41739177E779}.Debug|Any CPU.ActiveCfg = Debug|Any CPU
		{23402036-8F72-4D47-A480-41739177E779}.Debug|Any CPU.Build.0 = Debug|Any CPU
		{23402036-8F72-4D47-A480-41739177E779}.Release|Any CPU.ActiveCfg = Release|Any CPU
		{23402036-8F72-4D47-A480-41739177E779}.Release|Any CPU.Build.0 = Release|Any CPU
		{70211434-278D-436D-9A5B-F12624D6EDFC}.Debug|Any CPU.ActiveCfg = Debug|Any CPU
		{70211434-278D-436D-9A5B-F12624D6EDFC}.Debug|Any CPU.Build.0 = Debug|Any CPU
		{70211434-278D-436D-9A5B-F12624D6EDFC}.Release|Any CPU.ActiveCfg = Release|Any CPU
		{70211434-278D-436D-9A5B-F12624D6EDFC}.Release|Any CPU.Build.0 = Release|Any CPU
		{63C96D7C-85E4-403F-9DD9-26B679161184}.Debug|Any CPU.ActiveCfg = Debug|Any CPU
		{63C96D7C-85E4-403F-9DD9-26B679161184}.Debug|Any CPU.Build.0 = Debug|Any CPU
		{63C96D7C-85E4-403F-9DD9-26B679161184}.Release|Any CPU.ActiveCfg = Release|Any CPU
		{63C96D7C-85E4-403F-9DD9-26B679161184}.Release|Any CPU.Build.0 = Release|Any CPU
		{F27BC24A-1579-43C2-B3EA-D4FA13D180C7}.Debug|Any CPU.ActiveCfg = Debug|Any CPU
		{F27BC24A-1579-43C2-B3EA-D4FA13D180C7}.Debug|Any CPU.Build.0 = Debug|Any CPU
		{F27BC24A-1579-43C2-B3EA-D4FA13D180C7}.Release|Any CPU.ActiveCfg = Release|Any CPU
		{F27BC24A-1579-43C2-B3EA-D4FA13D180C7}.Release|Any CPU.Build.0 = Release|Any CPU
		{28639728-AA07-4998-8FB7-6902E68A8955}.Debug|Any CPU.ActiveCfg = Debug|Any CPU
		{28639728-AA07-4998-8FB7-6902E68A8955}.Debug|Any CPU.Build.0 = Debug|Any CPU
		{28639728-AA07-4998-8FB7-6902E68A8955}.Release|Any CPU.ActiveCfg = Release|Any CPU
		{28639728-AA07-4998-8FB7-6902E68A8955}.Release|Any CPU.Build.0 = Release|Any CPU
		{D93CD553-3030-4750-B2AE-FD034214284A}.Debug|Any CPU.ActiveCfg = Debug|Any CPU
		{D93CD553-3030-4750-B2AE-FD034214284A}.Debug|Any CPU.Build.0 = Debug|Any CPU
		{D93CD553-3030-4750-B2AE-FD034214284A}.Release|Any CPU.ActiveCfg = Release|Any CPU
		{D93CD553-3030-4750-B2AE-FD034214284A}.Release|Any CPU.Build.0 = Release|Any CPU
	EndGlobalSection
	GlobalSection(SolutionProperties) = preSolution
		HideSolutionNode = FALSE
	EndGlobalSection
	GlobalSection(ExtensibilityGlobals) = postSolution
		SolutionGuid = {330663C5-71FC-4237-981B-46727BE665AA}
	EndGlobalSection
EndGlobal
