
Microsoft Visual Studio Solution File, Format Version 12.00
# Visual Studio Version 16
VisualStudioVersion = 16.0.30711.63
MinimumVisualStudioVersion = 10.0.40219.1
Project("{FAE04EC0-301F-11D3-BF4B-00C04F79EFBC}") = "NET Fundamentals - NET Core – console", "NET Fundamentals - NET Core – console\NET Fundamentals - NET Core – console.csproj", "{27192E3D-E89D-467F-B860-3EDC9CFEDAB1}"
EndProject
Global
	GlobalSection(SolutionConfigurationPlatforms) = preSolution
		Debug|Any CPU = Debug|Any CPU
		Release|Any CPU = Release|Any CPU
	EndGlobalSection
	GlobalSection(ProjectConfigurationPlatforms) = postSolution
		{27192E3D-E89D-467F-B860-3EDC9CFEDAB1}.Debug|Any CPU.ActiveCfg = Debug|Any CPU
		{27192E3D-E89D-467F-B860-3EDC9CFEDAB1}.Debug|Any CPU.Build.0 = Debug|Any CPU
		{27192E3D-E89D-467F-B860-3EDC9CFEDAB1}.Release|Any CPU.ActiveCfg = Release|Any CPU
		{27192E3D-E89D-467F-B860-3EDC9CFEDAB1}.Release|Any CPU.Build.0 = Release|Any CPU
	EndGlobalSection
	GlobalSection(SolutionProperties) = preSolution
		HideSolutionNode = FALSE
	EndGlobalSection
	GlobalSection(ExtensibilityGlobals) = postSolution
		SolutionGuid = {8525BCB3-0E50-4CC2-9BED-9A56A0397D6B}
	EndGlobalSection
EndGlobal
