
Microsoft Visual Studio Solution File, Format Version 12.00
# Visual Studio Version 16
VisualStudioVersion = 16.0.30711.63
MinimumVisualStudioVersion = 10.0.40219.1
Project("{FAE04EC0-301F-11D3-BF4B-00C04F79EFBC}") = "NET Standard Library", "NET Standard Library\NET Standard Library.csproj", "{2A61B438-6873-4CBB-8DA8-D3CA1C880B9A}"
EndProject
Global
	GlobalSection(SolutionConfigurationPlatforms) = preSolution
		Debug|Any CPU = Debug|Any CPU
		Release|Any CPU = Release|Any CPU
	EndGlobalSection
	GlobalSection(ProjectConfigurationPlatforms) = postSolution
		{2A61B438-6873-4CBB-8DA8-D3CA1C880B9A}.Debug|Any CPU.ActiveCfg = Debug|Any CPU
		{2A61B438-6873-4CBB-8DA8-D3CA1C880B9A}.Debug|Any CPU.Build.0 = Debug|Any CPU
		{2A61B438-6873-4CBB-8DA8-D3CA1C880B9A}.Release|Any CPU.ActiveCfg = Release|Any CPU
		{2A61B438-6873-4CBB-8DA8-D3CA1C880B9A}.Release|Any CPU.Build.0 = Release|Any CPU
	EndGlobalSection
	GlobalSection(SolutionProperties) = preSolution
		HideSolutionNode = FALSE
	EndGlobalSection
	GlobalSection(ExtensibilityGlobals) = postSolution
		SolutionGuid = {94C9B9EC-AD90-4044-AD3E-86F527F693B6}
	EndGlobalSection
EndGlobal
